
Microsoft Visual Studio Solution File, Format Version 12.00
# Visual Studio Version 16
VisualStudioVersion = 16.0.29613.14
MinimumVisualStudioVersion = 10.0.40219.1
Project("{F184B08F-C81C-45F6-A57F-5ABD9991F28F}") = "AddSubtractHugeNumbers_VB", "AddSubtractHugeNumbers_VB.vbproj", "{98A765EC-6943-4AA3-BF73-A4112859287E}"
EndProject
Project("{9A19103F-16F7-4668-BE54-9A1E7A4F7556}") = "AddSubtractHugeNumbers_NetCore", "..\AddSubtractHugeNumbers_CS\AddSubtractHugeNumbers_NetCore.csproj", "{4A872296-E496-46EA-8CD3-F8AA793A3205}"
EndProject
Project("{8BC9CEB8-8B4A-11D0-8D11-00A0C91BC942}") = "AddSubtract_CPlusPlus", "..\AddSubtract_CPlusPlus\AddSubtract_CPlusPlus.vcxproj", "{0E415129-C11A-439C-AED1-3E39C18C5964}"
EndProject
Project("{8BC9CEB8-8B4A-11D0-8D11-00A0C91BC942}") = "StringFun_CPlusLib", "..\ciRfidUid\StringFun_CPlusLib\StringFun_CPlusLib.vcxproj", "{57155E05-E14F-4D65-A511-F474EA00ECD4}"
EndProject
Global
	GlobalSection(SolutionConfigurationPlatforms) = preSolution
		Debug|Any CPU = Debug|Any CPU
		Debug|x64 = Debug|x64
		Debug|x86 = Debug|x86
		Release|Any CPU = Release|Any CPU
		Release|x64 = Release|x64
		Release|x86 = Release|x86
	EndGlobalSection
	GlobalSection(ProjectConfigurationPlatforms) = postSolution
		{98A765EC-6943-4AA3-BF73-A4112859287E}.Debug|Any CPU.ActiveCfg = Debug|Any CPU
		{98A765EC-6943-4AA3-BF73-A4112859287E}.Debug|Any CPU.Build.0 = Debug|Any CPU
		{98A765EC-6943-4AA3-BF73-A4112859287E}.Debug|x64.ActiveCfg = Debug|Any CPU
		{98A765EC-6943-4AA3-BF73-A4112859287E}.Debug|x64.Build.0 = Debug|Any CPU
		{98A765EC-6943-4AA3-BF73-A4112859287E}.Debug|x86.ActiveCfg = Debug|Any CPU
		{98A765EC-6943-4AA3-BF73-A4112859287E}.Debug|x86.Build.0 = Debug|Any CPU
		{98A765EC-6943-4AA3-BF73-A4112859287E}.Release|Any CPU.ActiveCfg = Release|Any CPU
		{98A765EC-6943-4AA3-BF73-A4112859287E}.Release|Any CPU.Build.0 = Release|Any CPU
		{98A765EC-6943-4AA3-BF73-A4112859287E}.Release|x64.ActiveCfg = Release|Any CPU
		{98A765EC-6943-4AA3-BF73-A4112859287E}.Release|x64.Build.0 = Release|Any CPU
		{98A765EC-6943-4AA3-BF73-A4112859287E}.Release|x86.ActiveCfg = Release|Any CPU
		{98A765EC-6943-4AA3-BF73-A4112859287E}.Release|x86.Build.0 = Release|Any CPU
		{4A872296-E496-46EA-8CD3-F8AA793A3205}.Debug|Any CPU.ActiveCfg = Debug|Any CPU
		{4A872296-E496-46EA-8CD3-F8AA793A3205}.Debug|Any CPU.Build.0 = Debug|Any CPU
		{4A872296-E496-46EA-8CD3-F8AA793A3205}.Debug|x64.ActiveCfg = Debug|Any CPU
		{4A872296-E496-46EA-8CD3-F8AA793A3205}.Debug|x64.Build.0 = Debug|Any CPU
		{4A872296-E496-46EA-8CD3-F8AA793A3205}.Debug|x86.ActiveCfg = Debug|Any CPU
		{4A872296-E496-46EA-8CD3-F8AA793A3205}.Debug|x86.Build.0 = Debug|Any CPU
		{4A872296-E496-46EA-8CD3-F8AA793A3205}.Release|Any CPU.ActiveCfg = Release|Any CPU
		{4A872296-E496-46EA-8CD3-F8AA793A3205}.Release|Any CPU.Build.0 = Release|Any CPU
		{4A872296-E496-46EA-8CD3-F8AA793A3205}.Release|x64.ActiveCfg = Release|Any CPU
		{4A872296-E496-46EA-8CD3-F8AA793A3205}.Release|x64.Build.0 = Release|Any CPU
		{4A872296-E496-46EA-8CD3-F8AA793A3205}.Release|x86.ActiveCfg = Release|Any CPU
		{4A872296-E496-46EA-8CD3-F8AA793A3205}.Release|x86.Build.0 = Release|Any CPU
		{0E415129-C11A-439C-AED1-3E39C18C5964}.Debug|Any CPU.ActiveCfg = Debug|Win32
		{0E415129-C11A-439C-AED1-3E39C18C5964}.Debug|x64.ActiveCfg = Debug|x64
		{0E415129-C11A-439C-AED1-3E39C18C5964}.Debug|x64.Build.0 = Debug|x64
		{0E415129-C11A-439C-AED1-3E39C18C5964}.Debug|x86.ActiveCfg = Debug|Win32
		{0E415129-C11A-439C-AED1-3E39C18C5964}.Debug|x86.Build.0 = Debug|Win32
		{0E415129-C11A-439C-AED1-3E39C18C5964}.Release|Any CPU.ActiveCfg = Release|Win32
		{0E415129-C11A-439C-AED1-3E39C18C5964}.Release|x64.ActiveCfg = Release|x64
		{0E415129-C11A-439C-AED1-3E39C18C5964}.Release|x64.Build.0 = Release|x64
		{0E415129-C11A-439C-AED1-3E39C18C5964}.Release|x86.ActiveCfg = Release|Win32
		{0E415129-C11A-439C-AED1-3E39C18C5964}.Release|x86.Build.0 = Release|Win32
		{57155E05-E14F-4D65-A511-F474EA00ECD4}.Debug|Any CPU.ActiveCfg = Debug|Win32
		{57155E05-E14F-4D65-A511-F474EA00ECD4}.Debug|x64.ActiveCfg = Debug|x64
		{57155E05-E14F-4D65-A511-F474EA00ECD4}.Debug|x64.Build.0 = Debug|x64
		{57155E05-E14F-4D65-A511-F474EA00ECD4}.Debug|x86.ActiveCfg = Debug|Win32
		{57155E05-E14F-4D65-A511-F474EA00ECD4}.Debug|x86.Build.0 = Debug|Win32
		{57155E05-E14F-4D65-A511-F474EA00ECD4}.Release|Any CPU.ActiveCfg = Release|Win32
		{57155E05-E14F-4D65-A511-F474EA00ECD4}.Release|x64.ActiveCfg = Release|x64
		{57155E05-E14F-4D65-A511-F474EA00ECD4}.Release|x64.Build.0 = Release|x64
		{57155E05-E14F-4D65-A511-F474EA00ECD4}.Release|x86.ActiveCfg = Release|Win32
		{57155E05-E14F-4D65-A511-F474EA00ECD4}.Release|x86.Build.0 = Release|Win32
	EndGlobalSection
	GlobalSection(SolutionProperties) = preSolution
		HideSolutionNode = FALSE
	EndGlobalSection
	GlobalSection(ExtensibilityGlobals) = postSolution
		SolutionGuid = {197EB4DB-9A05-4157-9FE1-AEE6810E57EE}
	EndGlobalSection
EndGlobal
